// !$*UTF8*$!
{
	archiveVersion = 1;
	classes = {
	};
	objectVersion = 46;
	objects = {

/* Begin PBXBuildFile section */
		03EBCE631ECE9BEA00C56B76 /* AppDelegate.swift in Sources */ = {isa = PBXBuildFile; fileRef = 03EBCE621ECE9BEA00C56B76 /* AppDelegate.swift */; };
		03EBCE681ECE9BEA00C56B76 /* Main.storyboard in Resources */ = {isa = PBXBuildFile; fileRef = 03EBCE661ECE9BEA00C56B76 /* Main.storyboard */; };
		03EBCE6A1ECE9BEA00C56B76 /* Assets.xcassets in Resources */ = {isa = PBXBuildFile; fileRef = 03EBCE691ECE9BEA00C56B76 /* Assets.xcassets */; };
		03EBCE6D1ECE9BEA00C56B76 /* LaunchScreen.storyboard in Resources */ = {isa = PBXBuildFile; fileRef = 03EBCE6B1ECE9BEA00C56B76 /* LaunchScreen.storyboard */; };
		03EBCE751ECE9C1700C56B76 /* YQL.swift in Sources */ = {isa = PBXBuildFile; fileRef = 03EBCE741ECE9C1700C56B76 /* YQL.swift */; };
		03EBCE771ECE9C8F00C56B76 /* FavoritesTableViewController.swift in Sources */ = {isa = PBXBuildFile; fileRef = 03EBCE761ECE9C8F00C56B76 /* FavoritesTableViewController.swift */; };
		03EBCE791ECE9CC700C56B76 /* CurrencyPickerViewController.swift in Sources */ = {isa = PBXBuildFile; fileRef = 03EBCE781ECE9CC700C56B76 /* CurrencyPickerViewController.swift */; };
		03EBCE7B1ECEA4CB00C56B76 /* Data.swift in Sources */ = {isa = PBXBuildFile; fileRef = 03EBCE7A1ECEA4CB00C56B76 /* Data.swift */; };
		03EBCE7D1ECED61000C56B76 /* FavoritesTableViewCell.swift in Sources */ = {isa = PBXBuildFile; fileRef = 03EBCE7C1ECED61000C56B76 /* FavoritesTableViewCell.swift */; };
/* End PBXBuildFile section */

/* Begin PBXFileReference section */
		03EBCE5F1ECE9BEA00C56B76 /* CurrencyConverter-redo.app */ = {isa = PBXFileReference; explicitFileType = wrapper.application; includeInIndex = 0; path = "CurrencyConverter-redo.app"; sourceTree = BUILT_PRODUCTS_DIR; };
		03EBCE621ECE9BEA00C56B76 /* AppDelegate.swift */ = {isa = PBXFileReference; lastKnownFileType = sourcecode.swift; path = AppDelegate.swift; sourceTree = "<group>"; };
		03EBCE671ECE9BEA00C56B76 /* Base */ = {isa = PBXFileReference; lastKnownFileType = file.storyboard; name = Base; path = Base.lproj/Main.storyboard; sourceTree = "<group>"; };
		03EBCE691ECE9BEA00C56B76 /* Assets.xcassets */ = {isa = PBXFileReference; lastKnownFileType = folder.assetcatalog; path = Assets.xcassets; sourceTree = "<group>"; };
		03EBCE6C1ECE9BEA00C56B76 /* Base */ = {isa = PBXFileReference; lastKnownFileType = file.storyboard; name = Base; path = Base.lproj/LaunchScreen.storyboard; sourceTree = "<group>"; };
		03EBCE6E1ECE9BEA00C56B76 /* Info.plist */ = {isa = PBXFileReference; lastKnownFileType = text.plist.xml; path = Info.plist; sourceTree = "<group>"; };
		03EBCE741ECE9C1700C56B76 /* YQL.swift */ = {isa = PBXFileReference; fileEncoding = 4; lastKnownFileType = sourcecode.swift; path = YQL.swift; sourceTree = "<group>"; };
		03EBCE761ECE9C8F00C56B76 /* FavoritesTableViewController.swift */ = {isa = PBXFileReference; fileEncoding = 4; lastKnownFileType = sourcecode.swift; name = FavoritesTableViewController.swift; path = ../FavoritesTableViewController.swift; sourceTree = "<group>"; };
		03EBCE781ECE9CC700C56B76 /* CurrencyPickerViewController.swift */ = {isa = PBXFileReference; fileEncoding = 4; lastKnownFileType = sourcecode.swift; name = CurrencyPickerViewController.swift; path = ../CurrencyPickerViewController.swift; sourceTree = "<group>"; };
		03EBCE7A1ECEA4CB00C56B76 /* Data.swift */ = {isa = PBXFileReference; fileEncoding = 4; lastKnownFileType = sourcecode.swift; path = Data.swift; sourceTree = "<group>"; };
		03EBCE7C1ECED61000C56B76 /* FavoritesTableViewCell.swift */ = {isa = PBXFileReference; fileEncoding = 4; lastKnownFileType = sourcecode.swift; path = FavoritesTableViewCell.swift; sourceTree = "<group>"; };
/* End PBXFileReference section */

/* Begin PBXFrameworksBuildPhase section */
		03EBCE5C1ECE9BEA00C56B76 /* Frameworks */ = {
			isa = PBXFrameworksBuildPhase;
			buildActionMask = 2147483647;
			files = (
			);
			runOnlyForDeploymentPostprocessing = 0;
		};
/* End PBXFrameworksBuildPhase section */

/* Begin PBXGroup section */
		03EBCE561ECE9BEA00C56B76 = {
			isa = PBXGroup;
			children = (
				03EBCE611ECE9BEA00C56B76 /* CurrencyConverter-redo */,
				03EBCE601ECE9BEA00C56B76 /* Products */,
			);
			sourceTree = "<group>";
		};
		03EBCE601ECE9BEA00C56B76 /* Products */ = {
			isa = PBXGroup;
			children = (
				03EBCE5F1ECE9BEA00C56B76 /* CurrencyConverter-redo.app */,
			);
			name = Products;
			sourceTree = "<group>";
		};
		03EBCE611ECE9BEA00C56B76 /* CurrencyConverter-redo */ = {
			isa = PBXGroup;
			children = (
				03EBCE621ECE9BEA00C56B76 /* AppDelegate.swift */,
				03EBCE661ECE9BEA00C56B76 /* Main.storyboard */,
				03EBCE7C1ECED61000C56B76 /* FavoritesTableViewCell.swift */,
				03EBCE781ECE9CC700C56B76 /* CurrencyPickerViewController.swift */,
				03EBCE7A1ECEA4CB00C56B76 /* Data.swift */,
				03EBCE761ECE9C8F00C56B76 /* FavoritesTableViewController.swift */,
				03EBCE741ECE9C1700C56B76 /* YQL.swift */,
				03EBCE691ECE9BEA00C56B76 /* Assets.xcassets */,
				03EBCE6B1ECE9BEA00C56B76 /* LaunchScreen.storyboard */,
				03EBCE6E1ECE9BEA00C56B76 /* Info.plist */,
			);
			path = "CurrencyConverter-redo";
			sourceTree = "<group>";
		};
/* End PBXGroup section */

/* Begin PBXNativeTarget section */
		03EBCE5E1ECE9BEA00C56B76 /* CurrencyConverter-redo */ = {
			isa = PBXNativeTarget;
			buildConfigurationList = 03EBCE711ECE9BEA00C56B76 /* Build configuration list for PBXNativeTarget "CurrencyConverter-redo" */;
			buildPhases = (
				03EBCE5B1ECE9BEA00C56B76 /* Sources */,
				03EBCE5C1ECE9BEA00C56B76 /* Frameworks */,
				03EBCE5D1ECE9BEA00C56B76 /* Resources */,
			);
			buildRules = (
			);
			dependencies = (
			);
			name = "CurrencyConverter-redo";
			productName = "CurrencyConverter-redo";
			productReference = 03EBCE5F1ECE9BEA00C56B76 /* CurrencyConverter-redo.app */;
			productType = "com.apple.product-type.application";
		};
/* End PBXNativeTarget section */

/* Begin PBXProject section */
		03EBCE571ECE9BEA00C56B76 /* Project object */ = {
			isa = PBXProject;
			attributes = {
				LastSwiftUpdateCheck = 0830;
				LastUpgradeCheck = 0830;
				ORGANIZATIONNAME = "Joshua Marvel";
				TargetAttributes = {
					03EBCE5E1ECE9BEA00C56B76 = {
						CreatedOnToolsVersion = 8.3.2;
						ProvisioningStyle = Automatic;
					};
				};
			};
			buildConfigurationList = 03EBCE5A1ECE9BEA00C56B76 /* Build configuration list for PBXProject "CurrencyConverter-redo" */;
			compatibilityVersion = "Xcode 3.2";
			developmentRegion = English;
			hasScannedForEncodings = 0;
			knownRegions = (
				en,
				Base,
			);
			mainGroup = 03EBCE561ECE9BEA00C56B76;
			productRefGroup = 03EBCE601ECE9BEA00C56B76 /* Products */;
			projectDirPath = "";
			projectRoot = "";
			targets = (
				03EBCE5E1ECE9BEA00C56B76 /* CurrencyConverter-redo */,
			);
		};
/* End PBXProject section */

/* Begin PBXResourcesBuildPhase section */
		03EBCE5D1ECE9BEA00C56B76 /* Resources */ = {
			isa = PBXResourcesBuildPhase;
			buildActionMask = 2147483647;
			files = (
				03EBCE6D1ECE9BEA00C56B76 /* LaunchScreen.storyboard in Resources */,
				03EBCE6A1ECE9BEA00C56B76 /* Assets.xcassets in Resources */,
				03EBCE681ECE9BEA00C56B76 /* Main.storyboard in Resources */,
			);
			runOnlyForDeploymentPostprocessing = 0;
		};
/* End PBXResourcesBuildPhase section */

/* Begin PBXSourcesBuildPhase section */
		03EBCE5B1ECE9BEA00C56B76 /* Sources */ = {
			isa = PBXSourcesBuildPhase;
			buildActionMask = 2147483647;
			files = (
				03EBCE771ECE9C8F00C56B76 /* FavoritesTableViewController.swift in Sources */,
				03EBCE7D1ECED61000C56B76 /* FavoritesTableViewCell.swift in Sources */,
				03EBCE7B1ECEA4CB00C56B76 /* Data.swift in Sources */,
				03EBCE791ECE9CC700C56B76 /* CurrencyPickerViewController.swift in Sources */,
				03EBCE631ECE9BEA00C56B76 /* AppDelegate.swift in Sources */,
				03EBCE751ECE9C1700C56B76 /* YQL.swift in Sources */,
			);
			runOnlyForDeploymentPostprocessing = 0;
		};
/* End PBXSourcesBuildPhase section */

/* Begin PBXVariantGroup section */
		03EBCE661ECE9BEA00C56B76 /* Main.storyboard */ = {
			isa = PBXVariantGroup;
			children = (
				03EBCE671ECE9BEA00C56B76 /* Base */,
			);
			name = Main.storyboard;
			sourceTree = "<group>";
		};
		03EBCE6B1ECE9BEA00C56B76 /* LaunchScreen.storyboard */ = {
			isa = PBXVariantGroup;
			children = (
				03EBCE6C1ECE9BEA00C56B76 /* Base */,
			);
			name = LaunchScreen.storyboard;
			sourceTree = "<group>";
		};
/* End PBXVariantGroup section */

/* Begin XCBuildConfiguration section */
		03EBCE6F1ECE9BEA00C56B76 /* Debug */ = {
			isa = XCBuildConfiguration;
			buildSettings = {
				ALWAYS_SEARCH_USER_PATHS = NO;
				CLANG_ANALYZER_NONNULL = YES;
				CLANG_ANALYZER_NUMBER_OBJECT_CONVERSION = YES_AGGRESSIVE;
				CLANG_CXX_LANGUAGE_STANDARD = "gnu++0x";
				CLANG_CXX_LIBRARY = "libc++";
				CLANG_ENABLE_MODULES = YES;
				CLANG_ENABLE_OBJC_ARC = YES;
				CLANG_WARN_BOOL_CONVERSION = YES;
				CLANG_WARN_CONSTANT_CONVERSION = YES;
				CLANG_WARN_DIRECT_OBJC_ISA_USAGE = YES_ERROR;
				CLANG_WARN_DOCUMENTATION_COMMENTS = YES;
				CLANG_WARN_EMPTY_BODY = YES;
				CLANG_WARN_ENUM_CONVERSION = YES;
				CLANG_WARN_INFINITE_RECURSION = YES;
				CLANG_WARN_INT_CONVERSION = YES;
				CLANG_WARN_OBJC_ROOT_CLASS = YES_ERROR;
				CLANG_WARN_SUSPICIOUS_MOVE = YES;
				CLANG_WARN_UNREACHABLE_CODE = YES;
				CLANG_WARN__DUPLICATE_METHOD_MATCH = YES;
				"CODE_SIGN_IDENTITY[sdk=iphoneos*]" = "iPhone Developer";
				COPY_PHASE_STRIP = NO;
				DEBUG_INFORMATION_FORMAT = dwarf;
				ENABLE_STRICT_OBJC_MSGSEND = YES;
				ENABLE_TESTABILITY = YES;
				GCC_C_LANGUAGE_STANDARD = gnu99;
				GCC_DYNAMIC_NO_PIC = NO;
				GCC_NO_COMMON_BLOCKS = YES;
				GCC_OPTIMIZATION_LEVEL = 0;
				GCC_PREPROCESSOR_DEFINITIONS = (
					"DEBUG=1",
					"$(inherited)",
				);
				GCC_WARN_64_TO_32_BIT_CONVERSION = YES;
				GCC_WARN_ABOUT_RETURN_TYPE = YES_ERROR;
				GCC_WARN_UNDECLARED_SELECTOR = YES;
				GCC_WARN_UNINITIALIZED_AUTOS = YES_AGGRESSIVE;
				GCC_WARN_UNUSED_FUNCTION = YES;
				GCC_WARN_UNUSED_VARIABLE = YES;
				IPHONEOS_DEPLOYMENT_TARGET = 10.3;
				MTL_ENABLE_DEBUG_INFO = YES;
				ONLY_ACTIVE_ARCH = YES;
				SDKROOT = iphoneos;
				SWIFT_ACTIVE_COMPILATION_CONDITIONS = DEBUG;
				SWIFT_OPTIMIZATION_LEVEL = "-Onone";
				TARGETED_DEVICE_FAMILY = "1,2";
			};
			name = Debug;
		};
		03EBCE701ECE9BEA00C56B76 /* Release */ = {
			isa = XCBuildConfiguration;
			buildSettings = {
				ALWAYS_SEARCH_USER_PATHS = NO;
				CLANG_ANALYZER_NONNULL = YES;
				CLANG_ANALYZER_NUMBER_OBJECT_CONVERSION = YES_AGGRESSIVE;
				CLANG_CXX_LANGUAGE_STANDARD = "gnu++0x";
				CLANG_CXX_LIBRARY = "libc++";
				CLANG_ENABLE_MODULES = YES;
				CLANG_ENABLE_OBJC_ARC = YES;
				CLANG_WARN_BOOL_CONVERSION = YES;
				CLANG_WARN_CONSTANT_CONVERSION = YES;
				CLANG_WARN_DIRECT_OBJC_ISA_USAGE = YES_ERROR;
				CLANG_WARN_DOCUMENTATION_COMMENTS = YES;
				CLANG_WARN_EMPTY_BODY = YES;
				CLANG_WARN_ENUM_CONVERSION = YES;
				CLANG_WARN_INFINITE_RECURSION = YES;
				CLANG_WARN_INT_CONVERSION = YES;
				CLANG_WARN_OBJC_ROOT_CLASS = YES_ERROR;
				CLANG_WARN_SUSPICIOUS_MOVE = YES;
				CLANG_WARN_UNREACHABLE_CODE = YES;
				CLANG_WARN__DUPLICATE_METHOD_MATCH = YES;
				"CODE_SIGN_IDENTITY[sdk=iphoneos*]" = "iPhone Developer";
				COPY_PHASE_STRIP = NO;
				DEBUG_INFORMATION_FORMAT = "dwarf-with-dsym";
				ENABLE_NS_ASSERTIONS = NO;
				ENABLE_STRICT_OBJC_MSGSEND = YES;
				GCC_C_LANGUAGE_STANDARD = gnu99;
				GCC_NO_COMMON_BLOCKS = YES;
				GCC_WARN_64_TO_32_BIT_CONVERSION = YES;
				GCC_WARN_ABOUT_RETURN_TYPE = YES_ERROR;
				GCC_WARN_UNDECLARED_SELECTOR = YES;
				GCC_WARN_UNINITIALIZED_AUTOS = YES_AGGRESSIVE;
				GCC_WARN_UNUSED_FUNCTION = YES;
				GCC_WARN_UNUSED_VARIABLE = YES;
				IPHONEOS_DEPLOYMENT_TARGET = 10.3;
				MTL_ENABLE_DEBUG_INFO = NO;
				SDKROOT = iphoneos;
				SWIFT_OPTIMIZATION_LEVEL = "-Owholemodule";
				TARGETED_DEVICE_FAMILY = "1,2";
				VALIDATE_PRODUCT = YES;
			};
			name = Release;
		};
		03EBCE721ECE9BEA00C56B76 /* Debug */ = {
			isa = XCBuildConfiguration;
			buildSettings = {
				ASSETCATALOG_COMPILER_APPICON_NAME = AppIcon;
				INFOPLIST_FILE = "CurrencyConverter-redo/Info.plist";
				LD_RUNPATH_SEARCH_PATHS = "$(inherited) @executable_path/Frameworks";
				PRODUCT_BUNDLE_IDENTIFIER = "CPSC411.CurrencyConverter-redo";
				PRODUCT_NAME = "$(TARGET_NAME)";
				SWIFT_VERSION = 3.0;
			};
			name = Debug;
		};
		03EBCE731ECE9BEA00C56B76 /* Release */ = {
			isa = XCBuildConfiguration;
			buildSettings = {
				ASSETCATALOG_COMPILER_APPICON_NAME = AppIcon;
				INFOPLIST_FILE = "CurrencyConverter-redo/Info.plist";
				LD_RUNPATH_SEARCH_PATHS = "$(inherited) @executable_path/Frameworks";
				PRODUCT_BUNDLE_IDENTIFIER = "CPSC411.CurrencyConverter-redo";
				PRODUCT_NAME = "$(TARGET_NAME)";
				SWIFT_VERSION = 3.0;
			};
			name = Release;
		};
/* End XCBuildConfiguration section */

/* Begin XCConfigurationList section */
		03EBCE5A1ECE9BEA00C56B76 /* Build configuration list for PBXProject "CurrencyConverter-redo" */ = {
			isa = XCConfigurationList;
			buildConfigurations = (
				03EBCE6F1ECE9BEA00C56B76 /* Debug */,
				03EBCE701ECE9BEA00C56B76 /* Release */,
			);
			defaultConfigurationIsVisible = 0;
			defaultConfigurationName = Release;
		};
		03EBCE711ECE9BEA00C56B76 /* Build configuration list for PBXNativeTarget "CurrencyConverter-redo" */ = {
			isa = XCConfigurationList;
			buildConfigurations = (
				03EBCE721ECE9BEA00C56B76 /* Debug */,
				03EBCE731ECE9BEA00C56B76 /* Release */,
			);
			defaultConfigurationIsVisible = 0;
		};
/* End XCConfigurationList section */
	};
	rootObject = 03EBCE571ECE9BEA00C56B76 /* Project object */;
}
